// !$*UTF8*$!
{
	archiveVersion = 1;
	classes = {
	};
	objectVersion = 50;
	objects = {

/* Begin PBXBuildFile section */
		529B2D3F249D0C9300C0CD94 /* AppDelegate.swift in Sources */ = {isa = PBXBuildFile; fileRef = 529B2D3E249D0C9300C0CD94 /* AppDelegate.swift */; };
		529B2D41249D0C9300C0CD94 /* SceneDelegate.swift in Sources */ = {isa = PBXBuildFile; fileRef = 529B2D40249D0C9300C0CD94 /* SceneDelegate.swift */; };
		529B2D43249D0C9300C0CD94 /* ContentView.swift in Sources */ = {isa = PBXBuildFile; fileRef = 529B2D42249D0C9300C0CD94 /* ContentView.swift */; };
		529B2D45249D0C9400C0CD94 /* Assets.xcassets in Resources */ = {isa = PBXBuildFile; fileRef = 529B2D44249D0C9400C0CD94 /* Assets.xcassets */; };
		529B2D48249D0C9400C0CD94 /* Preview Assets.xcassets in Resources */ = {isa = PBXBuildFile; fileRef = 529B2D47249D0C9400C0CD94 /* Preview Assets.xcassets */; };
		529B2D4B249D0C9400C0CD94 /* LaunchScreen.storyboard in Resources */ = {isa = PBXBuildFile; fileRef = 529B2D49249D0C9400C0CD94 /* LaunchScreen.storyboard */; };
		529B2D54249D278600C0CD94 /* Film.swift in Sources */ = {isa = PBXBuildFile; fileRef = 529B2D53249D278600C0CD94 /* Film.swift */; };
		529B2D56249D283900C0CD94 /* FilmResponse.swift in Sources */ = {isa = PBXBuildFile; fileRef = 529B2D55249D283900C0CD94 /* FilmResponse.swift */; };
		529B2D59249D2CB700C0CD94 /* FilmService.swift in Sources */ = {isa = PBXBuildFile; fileRef = 529B2D58249D2CB700C0CD94 /* FilmService.swift */; };
		529B2D5B249E50D500C0CD94 /* NetworkService.swift in Sources */ = {isa = PBXBuildFile; fileRef = 529B2D5A249E50D400C0CD94 /* NetworkService.swift */; };
		529B2D5E249E54BE00C0CD94 /* Utilities.swift in Sources */ = {isa = PBXBuildFile; fileRef = 529B2D5D249E54BE00C0CD94 /* Utilities.swift */; };
		529B2D61249F6FA900C0CD94 /* PosterLoader.swift in Sources */ = {isa = PBXBuildFile; fileRef = 529B2D60249F6FA900C0CD94 /* PosterLoader.swift */; };
		529B2D6C249FBADA00C0CD94 /* filminfo.json in Resources */ = {isa = PBXBuildFile; fileRef = 529B2D6A249FBADA00C0CD94 /* filminfo.json */; };
		529B2D6D249FBADA00C0CD94 /* filmlist.json in Resources */ = {isa = PBXBuildFile; fileRef = 529B2D6B249FBADA00C0CD94 /* filmlist.json */; };
		529B2D70249FBC2C00C0CD94 /* BundleExtension.swift in Sources */ = {isa = PBXBuildFile; fileRef = 529B2D6F249FBC2C00C0CD94 /* BundleExtension.swift */; };
		529B2D72249FC04E00C0CD94 /* FilmExtension.swift in Sources */ = {isa = PBXBuildFile; fileRef = 529B2D71249FC04E00C0CD94 /* FilmExtension.swift */; };
/* End PBXBuildFile section */

/* Begin PBXFileReference section */
		529B2D3B249D0C9300C0CD94 /* MyMDBDemo.app */ = {isa = PBXFileReference; explicitFileType = wrapper.application; includeInIndex = 0; path = MyMDBDemo.app; sourceTree = BUILT_PRODUCTS_DIR; };
		529B2D3E249D0C9300C0CD94 /* AppDelegate.swift */ = {isa = PBXFileReference; lastKnownFileType = sourcecode.swift; path = AppDelegate.swift; sourceTree = "<group>"; };
		529B2D40249D0C9300C0CD94 /* SceneDelegate.swift */ = {isa = PBXFileReference; lastKnownFileType = sourcecode.swift; path = SceneDelegate.swift; sourceTree = "<group>"; };
		529B2D42249D0C9300C0CD94 /* ContentView.swift */ = {isa = PBXFileReference; lastKnownFileType = sourcecode.swift; path = ContentView.swift; sourceTree = "<group>"; };
		529B2D44249D0C9400C0CD94 /* Assets.xcassets */ = {isa = PBXFileReference; lastKnownFileType = folder.assetcatalog; path = Assets.xcassets; sourceTree = "<group>"; };
		529B2D47249D0C9400C0CD94 /* Preview Assets.xcassets */ = {isa = PBXFileReference; lastKnownFileType = folder.assetcatalog; path = "Preview Assets.xcassets"; sourceTree = "<group>"; };
		529B2D4A249D0C9400C0CD94 /* Base */ = {isa = PBXFileReference; lastKnownFileType = file.storyboard; name = Base; path = Base.lproj/LaunchScreen.storyboard; sourceTree = "<group>"; };
		529B2D4C249D0C9400C0CD94 /* Info.plist */ = {isa = PBXFileReference; lastKnownFileType = text.plist.xml; path = Info.plist; sourceTree = "<group>"; };
		529B2D53249D278600C0CD94 /* Film.swift */ = {isa = PBXFileReference; lastKnownFileType = sourcecode.swift; path = Film.swift; sourceTree = "<group>"; };
		529B2D55249D283900C0CD94 /* FilmResponse.swift */ = {isa = PBXFileReference; lastKnownFileType = sourcecode.swift; path = FilmResponse.swift; sourceTree = "<group>"; };
		529B2D58249D2CB700C0CD94 /* FilmService.swift */ = {isa = PBXFileReference; lastKnownFileType = sourcecode.swift; path = FilmService.swift; sourceTree = "<group>"; };
		529B2D5A249E50D400C0CD94 /* NetworkService.swift */ = {isa = PBXFileReference; lastKnownFileType = sourcecode.swift; path = NetworkService.swift; sourceTree = "<group>"; };
		529B2D5D249E54BE00C0CD94 /* Utilities.swift */ = {isa = PBXFileReference; lastKnownFileType = sourcecode.swift; path = Utilities.swift; sourceTree = "<group>"; };
		529B2D60249F6FA900C0CD94 /* PosterLoader.swift */ = {isa = PBXFileReference; lastKnownFileType = sourcecode.swift; path = PosterLoader.swift; sourceTree = "<group>"; };
		529B2D6A249FBADA00C0CD94 /* filminfo.json */ = {isa = PBXFileReference; fileEncoding = 4; lastKnownFileType = text.json; path = filminfo.json; sourceTree = "<group>"; };
		529B2D6B249FBADA00C0CD94 /* filmlist.json */ = {isa = PBXFileReference; fileEncoding = 4; lastKnownFileType = text.json; path = filmlist.json; sourceTree = "<group>"; };
		529B2D6F249FBC2C00C0CD94 /* BundleExtension.swift */ = {isa = PBXFileReference; lastKnownFileType = sourcecode.swift; path = BundleExtension.swift; sourceTree = "<group>"; };
		529B2D71249FC04E00C0CD94 /* FilmExtension.swift */ = {isa = PBXFileReference; lastKnownFileType = sourcecode.swift; path = FilmExtension.swift; sourceTree = "<group>"; };
/* End PBXFileReference section */

/* Begin PBXFrameworksBuildPhase section */
		529B2D38249D0C9300C0CD94 /* Frameworks */ = {
			isa = PBXFrameworksBuildPhase;
			buildActionMask = 2147483647;
			files = (
			);
			runOnlyForDeploymentPostprocessing = 0;
		};
/* End PBXFrameworksBuildPhase section */

/* Begin PBXGroup section */
		529B2D32249D0C9300C0CD94 = {
			isa = PBXGroup;
			children = (
				529B2D3D249D0C9300C0CD94 /* MyMDBDemo */,
				529B2D3C249D0C9300C0CD94 /* Products */,
			);
			sourceTree = "<group>";
		};
		529B2D3C249D0C9300C0CD94 /* Products */ = {
			isa = PBXGroup;
			children = (
				529B2D3B249D0C9300C0CD94 /* MyMDBDemo.app */,
			);
			name = Products;
			sourceTree = "<group>";
		};
		529B2D3D249D0C9300C0CD94 /* MyMDBDemo */ = {
			isa = PBXGroup;
			children = (
				529B2D52249D15B900C0CD94 /* Models */,
				529B2D5F249F6EF100C0CD94 /* ViewModels */,
				529B2D57249D2B7B00C0CD94 /* API */,
				529B2D69249FBA7400C0CD94 /* Resources */,
				529B2D6E249FBBE800C0CD94 /* Helpers */,
				529B2D5D249E54BE00C0CD94 /* Utilities.swift */,
				529B2D3E249D0C9300C0CD94 /* AppDelegate.swift */,
				529B2D40249D0C9300C0CD94 /* SceneDelegate.swift */,
				529B2D42249D0C9300C0CD94 /* ContentView.swift */,
				529B2D44249D0C9400C0CD94 /* Assets.xcassets */,
				529B2D49249D0C9400C0CD94 /* LaunchScreen.storyboard */,
				529B2D4C249D0C9400C0CD94 /* Info.plist */,
				529B2D46249D0C9400C0CD94 /* Preview Content */,
			);
			path = MyMDBDemo;
			sourceTree = "<group>";
		};
		529B2D46249D0C9400C0CD94 /* Preview Content */ = {
			isa = PBXGroup;
			children = (
				529B2D47249D0C9400C0CD94 /* Preview Assets.xcassets */,
			);
			path = "Preview Content";
			sourceTree = "<group>";
		};
		529B2D52249D15B900C0CD94 /* Models */ = {
			isa = PBXGroup;
			children = (
				529B2D53249D278600C0CD94 /* Film.swift */,
				529B2D55249D283900C0CD94 /* FilmResponse.swift */,
			);
			path = Models;
			sourceTree = "<group>";
		};
		529B2D57249D2B7B00C0CD94 /* API */ = {
			isa = PBXGroup;
			children = (
				529B2D58249D2CB700C0CD94 /* FilmService.swift */,
				529B2D5A249E50D400C0CD94 /* NetworkService.swift */,
			);
			path = API;
			sourceTree = "<group>";
		};
		529B2D5F249F6EF100C0CD94 /* ViewModels */ = {
			isa = PBXGroup;
			children = (
				529B2D60249F6FA900C0CD94 /* PosterLoader.swift */,
			);
			path = ViewModels;
			sourceTree = "<group>";
		};
		529B2D69249FBA7400C0CD94 /* Resources */ = {
			isa = PBXGroup;
			children = (
				529B2D6A249FBADA00C0CD94 /* filminfo.json */,
				529B2D6B249FBADA00C0CD94 /* filmlist.json */,
			);
			path = Resources;
			sourceTree = "<group>";
		};
		529B2D6E249FBBE800C0CD94 /* Helpers */ = {
			isa = PBXGroup;
			children = (
				529B2D6F249FBC2C00C0CD94 /* BundleExtension.swift */,
				529B2D71249FC04E00C0CD94 /* FilmExtension.swift */,
			);
			path = Helpers;
			sourceTree = "<group>";
		};
/* End PBXGroup section */

/* Begin PBXNativeTarget section */
		529B2D3A249D0C9300C0CD94 /* MyMDBDemo */ = {
			isa = PBXNativeTarget;
			buildConfigurationList = 529B2D4F249D0C9400C0CD94 /* Build configuration list for PBXNativeTarget "MyMDBDemo" */;
			buildPhases = (
				529B2D37249D0C9300C0CD94 /* Sources */,
				529B2D38249D0C9300C0CD94 /* Frameworks */,
				529B2D39249D0C9300C0CD94 /* Resources */,
			);
			buildRules = (
			);
			dependencies = (
			);
			name = MyMDBDemo;
			productName = MyMDBDemo;
			productReference = 529B2D3B249D0C9300C0CD94 /* MyMDBDemo.app */;
			productType = "com.apple.product-type.application";
		};
/* End PBXNativeTarget section */

/* Begin PBXProject section */
		529B2D33249D0C9300C0CD94 /* Project object */ = {
			isa = PBXProject;
			attributes = {
				LastSwiftUpdateCheck = 1150;
				LastUpgradeCheck = 1150;
				ORGANIZATIONNAME = "Eric Grant";
				TargetAttributes = {
					529B2D3A249D0C9300C0CD94 = {
						CreatedOnToolsVersion = 11.5;
					};
				};
			};
			buildConfigurationList = 529B2D36249D0C9300C0CD94 /* Build configuration list for PBXProject "MyMDBDemo" */;
			compatibilityVersion = "Xcode 9.3";
			developmentRegion = en;
			hasScannedForEncodings = 0;
			knownRegions = (
				en,
				Base,
			);
			mainGroup = 529B2D32249D0C9300C0CD94;
			productRefGroup = 529B2D3C249D0C9300C0CD94 /* Products */;
			projectDirPath = "";
			projectRoot = "";
			targets = (
				529B2D3A249D0C9300C0CD94 /* MyMDBDemo */,
			);
		};
/* End PBXProject section */

/* Begin PBXResourcesBuildPhase section */
		529B2D39249D0C9300C0CD94 /* Resources */ = {
			isa = PBXResourcesBuildPhase;
			buildActionMask = 2147483647;
			files = (
				529B2D4B249D0C9400C0CD94 /* LaunchScreen.storyboard in Resources */,
				529B2D6C249FBADA00C0CD94 /* filminfo.json in Resources */,
				529B2D48249D0C9400C0CD94 /* Preview Assets.xcassets in Resources */,
				529B2D45249D0C9400C0CD94 /* Assets.xcassets in Resources */,
				529B2D6D249FBADA00C0CD94 /* filmlist.json in Resources */,
			);
			runOnlyForDeploymentPostprocessing = 0;
		};
/* End PBXResourcesBuildPhase section */

/* Begin PBXSourcesBuildPhase section */
		529B2D37249D0C9300C0CD94 /* Sources */ = {
			isa = PBXSourcesBuildPhase;
			buildActionMask = 2147483647;
			files = (
				529B2D3F249D0C9300C0CD94 /* AppDelegate.swift in Sources */,
				529B2D54249D278600C0CD94 /* Film.swift in Sources */,
				529B2D56249D283900C0CD94 /* FilmResponse.swift in Sources */,
				529B2D59249D2CB700C0CD94 /* FilmService.swift in Sources */,
				529B2D41249D0C9300C0CD94 /* SceneDelegate.swift in Sources */,
				529B2D70249FBC2C00C0CD94 /* BundleExtension.swift in Sources */,
				529B2D43249D0C9300C0CD94 /* ContentView.swift in Sources */,
				529B2D5E249E54BE00C0CD94 /* Utilities.swift in Sources */,
				529B2D61249F6FA900C0CD94 /* PosterLoader.swift in Sources */,
				529B2D5B249E50D500C0CD94 /* NetworkService.swift in Sources */,
				529B2D72249FC04E00C0CD94 /* FilmExtension.swift in Sources */,
			);
			runOnlyForDeploymentPostprocessing = 0;
		};
/* End PBXSourcesBuildPhase section */

/* Begin PBXVariantGroup section */
		529B2D49249D0C9400C0CD94 /* LaunchScreen.storyboard */ = {
			isa = PBXVariantGroup;
			children = (
				529B2D4A249D0C9400C0CD94 /* Base */,
			);
			name = LaunchScreen.storyboard;
			sourceTree = "<group>";
		};
/* End PBXVariantGroup section */

/* Begin XCBuildConfiguration section */
		529B2D4D249D0C9400C0CD94 /* Debug */ = {
			isa = XCBuildConfiguration;
			buildSettings = {
				ALWAYS_SEARCH_USER_PATHS = NO;
				CLANG_ANALYZER_NONNULL = YES;
				CLANG_ANALYZER_NUMBER_OBJECT_CONVERSION = YES_AGGRESSIVE;
				CLANG_CXX_LANGUAGE_STANDARD = "gnu++14";
				CLANG_CXX_LIBRARY = "libc++";
				CLANG_ENABLE_MODULES = YES;
				CLANG_ENABLE_OBJC_ARC = YES;
				CLANG_ENABLE_OBJC_WEAK = YES;
				CLANG_WARN_BLOCK_CAPTURE_AUTORELEASING = YES;
				CLANG_WARN_BOOL_CONVERSION = YES;
				CLANG_WARN_COMMA = YES;
				CLANG_WARN_CONSTANT_CONVERSION = YES;
				CLANG_WARN_DEPRECATED_OBJC_IMPLEMENTATIONS = YES;
				CLANG_WARN_DIRECT_OBJC_ISA_USAGE = YES_ERROR;
				CLANG_WARN_DOCUMENTATION_COMMENTS = YES;
				CLANG_WARN_EMPTY_BODY = YES;
				CLANG_WARN_ENUM_CONVERSION = YES;
				CLANG_WARN_INFINITE_RECURSION = YES;
				CLANG_WARN_INT_CONVERSION = YES;
				CLANG_WARN_NON_LITERAL_NULL_CONVERSION = YES;
				CLANG_WARN_OBJC_IMPLICIT_RETAIN_SELF = YES;
				CLANG_WARN_OBJC_LITERAL_CONVERSION = YES;
				CLANG_WARN_OBJC_ROOT_CLASS = YES_ERROR;
				CLANG_WARN_RANGE_LOOP_ANALYSIS = YES;
				CLANG_WARN_STRICT_PROTOTYPES = YES;
				CLANG_WARN_SUSPICIOUS_MOVE = YES;
				CLANG_WARN_UNGUARDED_AVAILABILITY = YES_AGGRESSIVE;
				CLANG_WARN_UNREACHABLE_CODE = YES;
				CLANG_WARN__DUPLICATE_METHOD_MATCH = YES;
				COPY_PHASE_STRIP = NO;
				DEBUG_INFORMATION_FORMAT = dwarf;
				ENABLE_STRICT_OBJC_MSGSEND = YES;
				ENABLE_TESTABILITY = YES;
				GCC_C_LANGUAGE_STANDARD = gnu11;
				GCC_DYNAMIC_NO_PIC = NO;
				GCC_NO_COMMON_BLOCKS = YES;
				GCC_OPTIMIZATION_LEVEL = 0;
				GCC_PREPROCESSOR_DEFINITIONS = (
					"DEBUG=1",
					"$(inherited)",
				);
				GCC_WARN_64_TO_32_BIT_CONVERSION = YES;
				GCC_WARN_ABOUT_RETURN_TYPE = YES_ERROR;
				GCC_WARN_UNDECLARED_SELECTOR = YES;
				GCC_WARN_UNINITIALIZED_AUTOS = YES_AGGRESSIVE;
				GCC_WARN_UNUSED_FUNCTION = YES;
				GCC_WARN_UNUSED_VARIABLE = YES;
				IPHONEOS_DEPLOYMENT_TARGET = 13.5;
				MTL_ENABLE_DEBUG_INFO = INCLUDE_SOURCE;
				MTL_FAST_MATH = YES;
				ONLY_ACTIVE_ARCH = YES;
				SDKROOT = iphoneos;
				SWIFT_ACTIVE_COMPILATION_CONDITIONS = DEBUG;
				SWIFT_OPTIMIZATION_LEVEL = "-Onone";
			};
			name = Debug;
		};
		529B2D4E249D0C9400C0CD94 /* Release */ = {
			isa = XCBuildConfiguration;
			buildSettings = {
				ALWAYS_SEARCH_USER_PATHS = NO;
				CLANG_ANALYZER_NONNULL = YES;
				CLANG_ANALYZER_NUMBER_OBJECT_CONVERSION = YES_AGGRESSIVE;
				CLANG_CXX_LANGUAGE_STANDARD = "gnu++14";
				CLANG_CXX_LIBRARY = "libc++";
				CLANG_ENABLE_MODULES = YES;
				CLANG_ENABLE_OBJC_ARC = YES;
				CLANG_ENABLE_OBJC_WEAK = YES;
				CLANG_WARN_BLOCK_CAPTURE_AUTORELEASING = YES;
				CLANG_WARN_BOOL_CONVERSION = YES;
				CLANG_WARN_COMMA = YES;
				CLANG_WARN_CONSTANT_CONVERSION = YES;
				CLANG_WARN_DEPRECATED_OBJC_IMPLEMENTATIONS = YES;
				CLANG_WARN_DIRECT_OBJC_ISA_USAGE = YES_ERROR;
				CLANG_WARN_DOCUMENTATION_COMMENTS = YES;
				CLANG_WARN_EMPTY_BODY = YES;
				CLANG_WARN_ENUM_CONVERSION = YES;
				CLANG_WARN_INFINITE_RECURSION = YES;
				CLANG_WARN_INT_CONVERSION = YES;
				CLANG_WARN_NON_LITERAL_NULL_CONVERSION = YES;
				CLANG_WARN_OBJC_IMPLICIT_RETAIN_SELF = YES;
				CLANG_WARN_OBJC_LITERAL_CONVERSION = YES;
				CLANG_WARN_OBJC_ROOT_CLASS = YES_ERROR;
				CLANG_WARN_RANGE_LOOP_ANALYSIS = YES;
				CLANG_WARN_STRICT_PROTOTYPES = YES;
				CLANG_WARN_SUSPICIOUS_MOVE = YES;
				CLANG_WARN_UNGUARDED_AVAILABILITY = YES_AGGRESSIVE;
				CLANG_WARN_UNREACHABLE_CODE = YES;
				CLANG_WARN__DUPLICATE_METHOD_MATCH = YES;
				COPY_PHASE_STRIP = NO;
				DEBUG_INFORMATION_FORMAT = "dwarf-with-dsym";
				ENABLE_NS_ASSERTIONS = NO;
				ENABLE_STRICT_OBJC_MSGSEND = YES;
				GCC_C_LANGUAGE_STANDARD = gnu11;
				GCC_NO_COMMON_BLOCKS = YES;
				GCC_WARN_64_TO_32_BIT_CONVERSION = YES;
				GCC_WARN_ABOUT_RETURN_TYPE = YES_ERROR;
				GCC_WARN_UNDECLARED_SELECTOR = YES;
				GCC_WARN_UNINITIALIZED_AUTOS = YES_AGGRESSIVE;
				GCC_WARN_UNUSED_FUNCTION = YES;
				GCC_WARN_UNUSED_VARIABLE = YES;
				IPHONEOS_DEPLOYMENT_TARGET = 13.5;
				MTL_ENABLE_DEBUG_INFO = NO;
				MTL_FAST_MATH = YES;
				SDKROOT = iphoneos;
				SWIFT_COMPILATION_MODE = wholemodule;
				SWIFT_OPTIMIZATION_LEVEL = "-O";
				VALIDATE_PRODUCT = YES;
			};
			name = Release;
		};
		529B2D50249D0C9400C0CD94 /* Debug */ = {
			isa = XCBuildConfiguration;
			buildSettings = {
				ASSETCATALOG_COMPILER_APPICON_NAME = AppIcon;
				CODE_SIGN_STYLE = Automatic;
				DEVELOPMENT_ASSET_PATHS = "\"MyMDBDemo/Preview Content\"";
				DEVELOPMENT_TEAM = 972D9Z4QKX;
				ENABLE_PREVIEWS = YES;
				INFOPLIST_FILE = MyMDBDemo/Info.plist;
				LD_RUNPATH_SEARCH_PATHS = (
					"$(inherited)",
					"@executable_path/Frameworks",
				);
				PRODUCT_BUNDLE_IDENTIFIER = com.ericgrant.MyMDBDemo;
				PRODUCT_NAME = "$(TARGET_NAME)";
				SWIFT_VERSION = 5.0;
				TARGETED_DEVICE_FAMILY = "1,2";
			};
			name = Debug;
		};
		529B2D51249D0C9400C0CD94 /* Release */ = {
			isa = XCBuildConfiguration;
			buildSettings = {
				ASSETCATALOG_COMPILER_APPICON_NAME = AppIcon;
				CODE_SIGN_STYLE = Automatic;
				DEVELOPMENT_ASSET_PATHS = "\"MyMDBDemo/Preview Content\"";
				DEVELOPMENT_TEAM = 972D9Z4QKX;
				ENABLE_PREVIEWS = YES;
				INFOPLIST_FILE = MyMDBDemo/Info.plist;
				LD_RUNPATH_SEARCH_PATHS = (
					"$(inherited)",
					"@executable_path/Frameworks",
				);
				PRODUCT_BUNDLE_IDENTIFIER = com.ericgrant.MyMDBDemo;
				PRODUCT_NAME = "$(TARGET_NAME)";
				SWIFT_VERSION = 5.0;
				TARGETED_DEVICE_FAMILY = "1,2";
			};
			name = Release;
		};
/* End XCBuildConfiguration section */

/* Begin XCConfigurationList section */
		529B2D36249D0C9300C0CD94 /* Build configuration list for PBXProject "MyMDBDemo" */ = {
			isa = XCConfigurationList;
			buildConfigurations = (
				529B2D4D249D0C9400C0CD94 /* Debug */,
				529B2D4E249D0C9400C0CD94 /* Release */,
			);
			defaultConfigurationIsVisible = 0;
			defaultConfigurationName = Release;
		};
		529B2D4F249D0C9400C0CD94 /* Build configuration list for PBXNativeTarget "MyMDBDemo" */ = {
			isa = XCConfigurationList;
			buildConfigurations = (
				529B2D50249D0C9400C0CD94 /* Debug */,
				529B2D51249D0C9400C0CD94 /* Release */,
			);
			defaultConfigurationIsVisible = 0;
			defaultConfigurationName = Release;
		};
/* End XCConfigurationList section */
	};
	rootObject = 529B2D33249D0C9300C0CD94 /* Project object */;
}
